
Microsoft Visual Studio Solution File, Format Version 12.00
# Visual Studio Version 16
VisualStudioVersion = 16.0.30114.105
MinimumVisualStudioVersion = 10.0.40219.1
Project("{FAE04EC0-301F-11D3-BF4B-00C04F79EFBC}") = "EFCFValidate", "EFCFValidate\EFCFValidate.csproj", "{04D05A59-7E2A-4FF8-B2BC-BF260BEC9BEC}"
EndProject
Global
	GlobalSection(SolutionConfigurationPlatforms) = preSolution
		Debug|Any CPU = Debug|Any CPU
		Release|Any CPU = Release|Any CPU
	EndGlobalSection
	GlobalSection(ProjectConfigurationPlatforms) = postSolution
		{04D05A59-7E2A-4FF8-B2BC-BF260BEC9BEC}.Debug|Any CPU.ActiveCfg = Debug|Any CPU
		{04D05A59-7E2A-4FF8-B2BC-BF260BEC9BEC}.Debug|Any CPU.Build.0 = Debug|Any CPU
		{04D05A59-7E2A-4FF8-B2BC-BF260BEC9BEC}.Release|Any CPU.ActiveCfg = Release|Any CPU
		{04D05A59-7E2A-4FF8-B2BC-BF260BEC9BEC}.Release|Any CPU.Build.0 = Release|Any CPU
	EndGlobalSection
	GlobalSection(SolutionProperties) = preSolution
		HideSolutionNode = FALSE
	EndGlobalSection
	GlobalSection(ExtensibilityGlobals) = postSolution
		SolutionGuid = {CAB02605-7BCD-418F-8937-18F0A1970968}
	EndGlobalSection
EndGlobal
